// !$*UTF8*$!
{
	archiveVersion = 1;
	classes = {
	};
	objectVersion = 42;
	objects = {

/* Begin PBXBuildFile section */
		1F5CE3090A71EA5F007A67C2 /* Blind Dog.icns in Resources */ = {isa = PBXBuildFile; fileRef = 1F5CE3080A71EA5F007A67C2 /* Blind Dog.icns */; };
		1FD1CCD20A734425003495A1 /* trig_utils.m in Sources */ = {isa = PBXBuildFile; fileRef = 1FD1CCD10A734425003495A1 /* trig_utils.m */; };
		1FD1CD910A735E66003495A1 /* HourHand.m in Sources */ = {isa = PBXBuildFile; fileRef = 1FD1CD900A735E66003495A1 /* HourHand.m */; };
		1FD1CDEE0A7367E5003495A1 /* MinuteHand.m in Sources */ = {isa = PBXBuildFile; fileRef = 1FD1CDED0A7367E5003495A1 /* MinuteHand.m */; };
		1FD1CE0D0A736981003495A1 /* SecondHand.m in Sources */ = {isa = PBXBuildFile; fileRef = 1FD1CE0C0A736981003495A1 /* SecondHand.m */; };
		1FFCE4E70A71A0A0003563E9 /* Credits.rtf in Resources */ = {isa = PBXBuildFile; fileRef = 1FFCE4E50A71A0A0003563E9 /* Credits.rtf */; };
		1FFCE5300A71ACEB003563E9 /* BDCView.m in Sources */ = {isa = PBXBuildFile; fileRef = 1FFCE52F0A71ACEB003563E9 /* BDCView.m */; };
		1FFCE5550A71B6E7003563E9 /* BDCTime.m in Sources */ = {isa = PBXBuildFile; fileRef = 1FFCE5540A71B6E7003563E9 /* BDCTime.m */; };
		1FFCE5580A71B731003563E9 /* Prefs.m in Sources */ = {isa = PBXBuildFile; fileRef = 1FFCE5570A71B731003563E9 /* Prefs.m */; };
		1FFCE5830A71BB1D003563E9 /* BDCWindow.m in Sources */ = {isa = PBXBuildFile; fileRef = 1FFCE5820A71BB1D003563E9 /* BDCWindow.m */; };
		8D11072A0486CEB800E47090 /* MainMenu.nib in Resources */ = {isa = PBXBuildFile; fileRef = 29B97318FDCFA39411CA2CEA /* MainMenu.nib */; };
		8D11072B0486CEB800E47090 /* InfoPlist.strings in Resources */ = {isa = PBXBuildFile; fileRef = 089C165CFE840E0CC02AAC07 /* InfoPlist.strings */; };
		8D11072D0486CEB800E47090 /* main.m in Sources */ = {isa = PBXBuildFile; fileRef = 29B97316FDCFA39411CA2CEA /* main.m */; settings = {ATTRIBUTES = (); }; };
		8D11072F0486CEB800E47090 /* Cocoa.framework in Frameworks */ = {isa = PBXBuildFile; fileRef = 1058C7A1FEA54F0111CA2CBB /* Cocoa.framework */; };
/* End PBXBuildFile section */

/* Begin PBXFileReference section */
		089C165DFE840E0CC02AAC07 /* English */ = {isa = PBXFileReference; fileEncoding = 10; lastKnownFileType = text.plist.strings; name = English; path = English.lproj/InfoPlist.strings; sourceTree = "<group>"; };
		1058C7A1FEA54F0111CA2CBB /* Cocoa.framework */ = {isa = PBXFileReference; lastKnownFileType = wrapper.framework; name = Cocoa.framework; path = /System/Library/Frameworks/Cocoa.framework; sourceTree = "<absolute>"; };
		13E42FB307B3F0F600E4EEF1 /* CoreData.framework */ = {isa = PBXFileReference; lastKnownFileType = wrapper.framework; name = CoreData.framework; path = /System/Library/Frameworks/CoreData.framework; sourceTree = "<absolute>"; };
		1F5CE3080A71EA5F007A67C2 /* Blind Dog.icns */ = {isa = PBXFileReference; lastKnownFileType = image.icns; path = "Blind Dog.icns"; sourceTree = "<group>"; };
		1FC217840A73FDF600328822 /* READ_ME.text */ = {isa = PBXFileReference; fileEncoding = 4; lastKnownFileType = text; path = READ_ME.text; sourceTree = "<group>"; };
		1FD1CCD10A734425003495A1 /* trig_utils.m */ = {isa = PBXFileReference; fileEncoding = 4; lastKnownFileType = sourcecode.c.objc; path = trig_utils.m; sourceTree = "<group>"; };
		1FD1CCD70A734484003495A1 /* trig_utils.h */ = {isa = PBXFileReference; fileEncoding = 4; lastKnownFileType = sourcecode.c.h; path = trig_utils.h; sourceTree = "<group>"; };
		1FD1CD8F0A735E66003495A1 /* HourHand.h */ = {isa = PBXFileReference; fileEncoding = 30; lastKnownFileType = sourcecode.c.h; path = HourHand.h; sourceTree = "<group>"; };
		1FD1CD900A735E66003495A1 /* HourHand.m */ = {isa = PBXFileReference; fileEncoding = 30; lastKnownFileType = sourcecode.c.objc; path = HourHand.m; sourceTree = "<group>"; };
		1FD1CDEC0A7367E5003495A1 /* MinuteHand.h */ = {isa = PBXFileReference; fileEncoding = 30; lastKnownFileType = sourcecode.c.h; path = MinuteHand.h; sourceTree = "<group>"; };
		1FD1CDED0A7367E5003495A1 /* MinuteHand.m */ = {isa = PBXFileReference; fileEncoding = 30; lastKnownFileType = sourcecode.c.objc; path = MinuteHand.m; sourceTree = "<group>"; };
		1FD1CE0B0A736981003495A1 /* SecondHand.h */ = {isa = PBXFileReference; fileEncoding = 30; lastKnownFileType = sourcecode.c.h; path = SecondHand.h; sourceTree = "<group>"; };
		1FD1CE0C0A736981003495A1 /* SecondHand.m */ = {isa = PBXFileReference; fileEncoding = 30; lastKnownFileType = sourcecode.c.objc; path = SecondHand.m; sourceTree = "<group>"; };
		1FFCE4E60A71A0A0003563E9 /* English */ = {isa = PBXFileReference; lastKnownFileType = text.rtf; name = English; path = English.lproj/Credits.rtf; sourceTree = "<group>"; };
		1FFCE5290A71AC11003563E9 /* BDCView.h */ = {isa = PBXFileReference; fileEncoding = 4; lastKnownFileType = sourcecode.c.h; path = BDCView.h; sourceTree = "<group>"; };
		1FFCE52F0A71ACEB003563E9 /* BDCView.m */ = {isa = PBXFileReference; fileEncoding = 4; lastKnownFileType = sourcecode.c.objc; path = BDCView.m; sourceTree = "<group>"; };
		1FFCE5530A71B6E7003563E9 /* BDCTime.h */ = {isa = PBXFileReference; fileEncoding = 30; lastKnownFileType = sourcecode.c.h; path = BDCTime.h; sourceTree = "<group>"; };
		1FFCE5540A71B6E7003563E9 /* BDCTime.m */ = {isa = PBXFileReference; fileEncoding = 30; lastKnownFileType = sourcecode.c.objc; path = BDCTime.m; sourceTree = "<group>"; };
		1FFCE5560A71B731003563E9 /* Prefs.h */ = {isa = PBXFileReference; fileEncoding = 30; lastKnownFileType = sourcecode.c.h; path = Prefs.h; sourceTree = "<group>"; };
		1FFCE5570A71B731003563E9 /* Prefs.m */ = {isa = PBXFileReference; fileEncoding = 30; lastKnownFileType = sourcecode.c.objc; path = Prefs.m; sourceTree = "<group>"; };
		1FFCE5810A71BB1D003563E9 /* BDCWindow.h */ = {isa = PBXFileReference; fileEncoding = 30; lastKnownFileType = sourcecode.c.h; path = BDCWindow.h; sourceTree = "<group>"; };
		1FFCE5820A71BB1D003563E9 /* BDCWindow.m */ = {isa = PBXFileReference; fileEncoding = 30; lastKnownFileType = sourcecode.c.objc; path = BDCWindow.m; sourceTree = "<group>"; };
		29B97316FDCFA39411CA2CEA /* main.m */ = {isa = PBXFileReference; fileEncoding = 4; lastKnownFileType = sourcecode.c.objc; path = main.m; sourceTree = "<group>"; };
		29B97319FDCFA39411CA2CEA /* English */ = {isa = PBXFileReference; lastKnownFileType = wrapper.nib; name = English; path = English.lproj/MainMenu.nib; sourceTree = "<group>"; };
		29B97324FDCFA39411CA2CEA /* AppKit.framework */ = {isa = PBXFileReference; lastKnownFileType = wrapper.framework; name = AppKit.framework; path = /System/Library/Frameworks/AppKit.framework; sourceTree = "<absolute>"; };
		29B97325FDCFA39411CA2CEA /* Foundation.framework */ = {isa = PBXFileReference; lastKnownFileType = wrapper.framework; name = Foundation.framework; path = /System/Library/Frameworks/Foundation.framework; sourceTree = "<absolute>"; };
		32CA4F630368D1EE00C91783 /* BlindDogClock_Prefix.pch */ = {isa = PBXFileReference; fileEncoding = 4; lastKnownFileType = sourcecode.c.h; path = BlindDogClock_Prefix.pch; sourceTree = "<group>"; };
		8D1107310486CEB800E47090 /* Info.plist */ = {isa = PBXFileReference; fileEncoding = 4; lastKnownFileType = text.plist; path = Info.plist; sourceTree = "<group>"; };
		8D1107320486CEB800E47090 /* BlindDogClock.app */ = {isa = PBXFileReference; includeInIndex = 0; lastKnownFileType = wrapper.application; path = BlindDogClock.app; sourceTree = BUILT_PRODUCTS_DIR; };
/* End PBXFileReference section */

/* Begin PBXFrameworksBuildPhase section */
		8D11072E0486CEB800E47090 /* Frameworks */ = {
			isa = PBXFrameworksBuildPhase;
			buildActionMask = 2147483647;
			files = (
				8D11072F0486CEB800E47090 /* Cocoa.framework in Frameworks */,
			);
			runOnlyForDeploymentPostprocessing = 0;
		};
/* End PBXFrameworksBuildPhase section */

/* Begin PBXGroup section */
		080E96DDFE201D6D7F000001 /* Classes */ = {
			isa = PBXGroup;
			children = (
				1FFCE5560A71B731003563E9 /* Prefs.h */,
				1FFCE5570A71B731003563E9 /* Prefs.m */,
				1FFCE5530A71B6E7003563E9 /* BDCTime.h */,
				1FFCE5540A71B6E7003563E9 /* BDCTime.m */,
				1FFCE5290A71AC11003563E9 /* BDCView.h */,
				1FFCE52F0A71ACEB003563E9 /* BDCView.m */,
				1FFCE5810A71BB1D003563E9 /* BDCWindow.h */,
				1FFCE5820A71BB1D003563E9 /* BDCWindow.m */,
				1FD1CD8F0A735E66003495A1 /* HourHand.h */,
				1FD1CD900A735E66003495A1 /* HourHand.m */,
				1FD1CDEC0A7367E5003495A1 /* MinuteHand.h */,
				1FD1CDED0A7367E5003495A1 /* MinuteHand.m */,
				1FD1CE0B0A736981003495A1 /* SecondHand.h */,
				1FD1CE0C0A736981003495A1 /* SecondHand.m */,
				1FD1CCD70A734484003495A1 /* trig_utils.h */,
				1FD1CCD10A734425003495A1 /* trig_utils.m */,
			);
			name = Classes;
			sourceTree = "<group>";
		};
		1058C7A0FEA54F0111CA2CBB /* Linked Frameworks */ = {
			isa = PBXGroup;
			children = (
				1058C7A1FEA54F0111CA2CBB /* Cocoa.framework */,
			);
			name = "Linked Frameworks";
			sourceTree = "<group>";
		};
		1058C7A2FEA54F0111CA2CBB /* Other Frameworks */ = {
			isa = PBXGroup;
			children = (
				29B97324FDCFA39411CA2CEA /* AppKit.framework */,
				13E42FB307B3F0F600E4EEF1 /* CoreData.framework */,
				29B97325FDCFA39411CA2CEA /* Foundation.framework */,
			);
			name = "Other Frameworks";
			sourceTree = "<group>";
		};
		19C28FACFE9D520D11CA2CBB /* Products */ = {
			isa = PBXGroup;
			children = (
				8D1107320486CEB800E47090 /* BlindDogClock.app */,
			);
			name = Products;
			sourceTree = "<group>";
		};
		29B97314FDCFA39411CA2CEA /* BlindDogClock */ = {
			isa = PBXGroup;
			children = (
				1FC217840A73FDF600328822 /* READ_ME.text */,
				080E96DDFE201D6D7F000001 /* Classes */,
				29B97315FDCFA39411CA2CEA /* Other Sources */,
				29B97317FDCFA39411CA2CEA /* Resources */,
				29B97323FDCFA39411CA2CEA /* Frameworks */,
				19C28FACFE9D520D11CA2CBB /* Products */,
			);
			name = BlindDogClock;
			sourceTree = "<group>";
		};
		29B97315FDCFA39411CA2CEA /* Other Sources */ = {
			isa = PBXGroup;
			children = (
				32CA4F630368D1EE00C91783 /* BlindDogClock_Prefix.pch */,
				29B97316FDCFA39411CA2CEA /* main.m */,
			);
			name = "Other Sources";
			sourceTree = "<group>";
		};
		29B97317FDCFA39411CA2CEA /* Resources */ = {
			isa = PBXGroup;
			children = (
				1F5CE3080A71EA5F007A67C2 /* Blind Dog.icns */,
				1FFCE4E50A71A0A0003563E9 /* Credits.rtf */,
				8D1107310486CEB800E47090 /* Info.plist */,
				089C165CFE840E0CC02AAC07 /* InfoPlist.strings */,
				29B97318FDCFA39411CA2CEA /* MainMenu.nib */,
			);
			name = Resources;
			sourceTree = "<group>";
		};
		29B97323FDCFA39411CA2CEA /* Frameworks */ = {
			isa = PBXGroup;
			children = (
				1058C7A0FEA54F0111CA2CBB /* Linked Frameworks */,
				1058C7A2FEA54F0111CA2CBB /* Other Frameworks */,
			);
			name = Frameworks;
			sourceTree = "<group>";
		};
/* End PBXGroup section */

/* Begin PBXNativeTarget section */
		8D1107260486CEB800E47090 /* BlindDogClock */ = {
			isa = PBXNativeTarget;
			buildConfigurationList = C01FCF4A08A954540054247B /* Build configuration list for PBXNativeTarget "BlindDogClock" */;
			buildPhases = (
				8D1107290486CEB800E47090 /* Resources */,
				8D11072C0486CEB800E47090 /* Sources */,
				8D11072E0486CEB800E47090 /* Frameworks */,
			);
			buildRules = (
			);
			dependencies = (
			);
			name = BlindDogClock;
			productInstallPath = "$(HOME)/Applications";
			productName = BlindDogClock;
			productReference = 8D1107320486CEB800E47090 /* BlindDogClock.app */;
			productType = "com.apple.product-type.application";
		};
/* End PBXNativeTarget section */

/* Begin PBXProject section */
		29B97313FDCFA39411CA2CEA /* Project object */ = {
			isa = PBXProject;
			buildConfigurationList = C01FCF4E08A954540054247B /* Build configuration list for PBXProject "BlindDogClock" */;
			hasScannedForEncodings = 1;
			mainGroup = 29B97314FDCFA39411CA2CEA /* BlindDogClock */;
			projectDirPath = "";
			targets = (
				8D1107260486CEB800E47090 /* BlindDogClock */,
			);
		};
/* End PBXProject section */

/* Begin PBXResourcesBuildPhase section */
		8D1107290486CEB800E47090 /* Resources */ = {
			isa = PBXResourcesBuildPhase;
			buildActionMask = 2147483647;
			files = (
				8D11072A0486CEB800E47090 /* MainMenu.nib in Resources */,
				8D11072B0486CEB800E47090 /* InfoPlist.strings in Resources */,
				1FFCE4E70A71A0A0003563E9 /* Credits.rtf in Resources */,
				1F5CE3090A71EA5F007A67C2 /* Blind Dog.icns in Resources */,
			);
			runOnlyForDeploymentPostprocessing = 0;
		};
/* End PBXResourcesBuildPhase section */

/* Begin PBXSourcesBuildPhase section */
		8D11072C0486CEB800E47090 /* Sources */ = {
			isa = PBXSourcesBuildPhase;
			buildActionMask = 2147483647;
			files = (
				8D11072D0486CEB800E47090 /* main.m in Sources */,
				1FFCE5300A71ACEB003563E9 /* BDCView.m in Sources */,
				1FFCE5550A71B6E7003563E9 /* BDCTime.m in Sources */,
				1FFCE5580A71B731003563E9 /* Prefs.m in Sources */,
				1FFCE5830A71BB1D003563E9 /* BDCWindow.m in Sources */,
				1FD1CCD20A734425003495A1 /* trig_utils.m in Sources */,
				1FD1CD910A735E66003495A1 /* HourHand.m in Sources */,
				1FD1CDEE0A7367E5003495A1 /* MinuteHand.m in Sources */,
				1FD1CE0D0A736981003495A1 /* SecondHand.m in Sources */,
			);
			runOnlyForDeploymentPostprocessing = 0;
		};
/* End PBXSourcesBuildPhase section */

/* Begin PBXVariantGroup section */
		089C165CFE840E0CC02AAC07 /* InfoPlist.strings */ = {
			isa = PBXVariantGroup;
			children = (
				089C165DFE840E0CC02AAC07 /* English */,
			);
			name = InfoPlist.strings;
			sourceTree = "<group>";
		};
		1FFCE4E50A71A0A0003563E9 /* Credits.rtf */ = {
			isa = PBXVariantGroup;
			children = (
				1FFCE4E60A71A0A0003563E9 /* English */,
			);
			name = Credits.rtf;
			sourceTree = "<group>";
		};
		29B97318FDCFA39411CA2CEA /* MainMenu.nib */ = {
			isa = PBXVariantGroup;
			children = (
				29B97319FDCFA39411CA2CEA /* English */,
			);
			name = MainMenu.nib;
			sourceTree = "<group>";
		};
/* End PBXVariantGroup section */

/* Begin XCBuildConfiguration section */
		C01FCF4B08A954540054247B /* Debug */ = {
			isa = XCBuildConfiguration;
			buildSettings = {
				COPY_PHASE_STRIP = NO;
				GCC_DYNAMIC_NO_PIC = NO;
				GCC_ENABLE_FIX_AND_CONTINUE = YES;
				GCC_MODEL_TUNING = G5;
				GCC_OPTIMIZATION_LEVEL = 0;
				GCC_PREPROCESSOR_DEFINITIONS = DEBUG;
				INFOPLIST_FILE = Info.plist;
				INSTALL_PATH = "$(HOME)/Applications";
				PRODUCT_NAME = BlindDogClock;
				WRAPPER_EXTENSION = app;
				ZERO_LINK = YES;
			};
			name = Debug;
		};
		C01FCF4C08A954540054247B /* Release */ = {
			isa = XCBuildConfiguration;
			buildSettings = {
				ARCHS = (
					ppc,
					i386,
				);
				GCC_GENERATE_DEBUGGING_SYMBOLS = NO;
				GCC_MODEL_TUNING = G5;
				INFOPLIST_FILE = Info.plist;
				INSTALL_PATH = "$(HOME)/Applications";
				PRODUCT_NAME = BlindDogClock;
				WRAPPER_EXTENSION = app;
			};
			name = Release;
		};
		C01FCF4F08A954540054247B /* Debug */ = {
			isa = XCBuildConfiguration;
			buildSettings = {
				GCC_WARN_ABOUT_RETURN_TYPE = YES;
				GCC_WARN_UNUSED_VARIABLE = YES;
				PREBINDING = NO;
				SDKROOT = /Developer/SDKs/MacOSX10.4u.sdk;
			};
			name = Debug;
		};
		C01FCF5008A954540054247B /* Release */ = {
			isa = XCBuildConfiguration;
			buildSettings = {
				GCC_WARN_ABOUT_RETURN_TYPE = YES;
				GCC_WARN_UNUSED_VARIABLE = YES;
				PREBINDING = NO;
				SDKROOT = /Developer/SDKs/MacOSX10.4u.sdk;
			};
			name = Release;
		};
/* End XCBuildConfiguration section */

/* Begin XCConfigurationList section */
		C01FCF4A08A954540054247B /* Build configuration list for PBXNativeTarget "BlindDogClock" */ = {
			isa = XCConfigurationList;
			buildConfigurations = (
				C01FCF4B08A954540054247B /* Debug */,
				C01FCF4C08A954540054247B /* Release */,
			);
			defaultConfigurationIsVisible = 0;
			defaultConfigurationName = Release;
		};
		C01FCF4E08A954540054247B /* Build configuration list for PBXProject "BlindDogClock" */ = {
			isa = XCConfigurationList;
			buildConfigurations = (
				C01FCF4F08A954540054247B /* Debug */,
				C01FCF5008A954540054247B /* Release */,
			);
			defaultConfigurationIsVisible = 0;
			defaultConfigurationName = Release;
		};
/* End XCConfigurationList section */
	};
	rootObject = 29B97313FDCFA39411CA2CEA /* Project object */;
}
